
Microsoft Visual Studio Solution File, Format Version 12.00
# Visual Studio Version 17
VisualStudioVersion = 17.6.33829.357
MinimumVisualStudioVersion = 10.0.40219.1
Project("{9A19103F-16F7-4668-BE54-9A1E7A4F7556}") = "ValidParentheses", "Valid Parentheses\ValidParentheses.csproj", "{A83F67F8-5A44-4631-B904-AB46C4C5B4E6}"
EndProject
Project("{9A19103F-16F7-4668-BE54-9A1E7A4F7556}") = "ValidParenthesesTest", "Valid Parentheses Test\ValidParenthesesTest.csproj", "{9A278FDE-40C8-4ED8-BBDA-68B0F5440F87}"
EndProject
Project("{9A19103F-16F7-4668-BE54-9A1E7A4F7556}") = "MergeTwoSortedLists", "MergeTwoSortedLists\MergeTwoSortedLists.csproj", "{975EE680-D65E-4FAE-BCCB-77375EE04873}"
EndProject
Project("{9A19103F-16F7-4668-BE54-9A1E7A4F7556}") = "MergeTwoSortedListsTest", "MergeTwoSortedListsTest\MergeTwoSortedListsTest.csproj", "{E0450C56-BA07-416E-8AF1-E3D59DB932C3}"
EndProject
Project("{9A19103F-16F7-4668-BE54-9A1E7A4F7556}") = "RemoveDuplicatesFromSortedArray", "RemoveDuplicatesFromSortedArray\RemoveDuplicatesFromSortedArray.csproj", "{59ACC1EC-9AEB-434C-A97A-21D364D07A8C}"
EndProject
Project("{9A19103F-16F7-4668-BE54-9A1E7A4F7556}") = "RemoveDuplicatesFromSortedArrayTest", "RemoveDuplicatesFromSortedArrayTest\RemoveDuplicatesFromSortedArrayTest.csproj", "{0A36592B-568A-4F59-BC2A-ECD53190800A}"
EndProject
Project("{9A19103F-16F7-4668-BE54-9A1E7A4F7556}") = "RemoveElement", "RemoveElement\RemoveElement.csproj", "{72F4A83B-B932-4C82-9A08-73BA50F9191B}"
EndProject
Project("{9A19103F-16F7-4668-BE54-9A1E7A4F7556}") = "RemoveElementTest", "RemoveElementTest\RemoveElementTest.csproj", "{5F84A47F-7879-47CF-BC0C-CEE9E9A91F73}"
EndProject
Project("{9A19103F-16F7-4668-BE54-9A1E7A4F7556}") = "FindTheIndexOfTheFirstOccurrenceInAString", "FindTheIndexOfTheFirstOccurrenceInAString\FindTheIndexOfTheFirstOccurrenceInAString.csproj", "{C405123F-45F6-42E7-9250-12DA3D12E30B}"
EndProject
Project("{9A19103F-16F7-4668-BE54-9A1E7A4F7556}") = "FindTheIndexOfTheFirstOccurrenceInAStringTest", "FindTheIndexOfTheFirstOccurrenceInAStringTest\FindTheIndexOfTheFirstOccurrenceInAStringTest.csproj", "{CD073422-B3BC-401C-99EF-DFF75D10B9A7}"
EndProject
Project("{9A19103F-16F7-4668-BE54-9A1E7A4F7556}") = "IntegerToRoman", "IntegerToRoman\IntegerToRoman.csproj", "{9C09B3EC-D6BF-433E-8DB2-F5A85755CCD1}"
EndProject
Project("{9A19103F-16F7-4668-BE54-9A1E7A4F7556}") = "IntegerToRomanTest", "IntegerToRomanTest\IntegerToRomanTest.csproj", "{55F341CB-A32C-439A-BD1D-D35D72394ABC}"
EndProject
Project("{9A19103F-16F7-4668-BE54-9A1E7A4F7556}") = "SearchInsertPosition", "SearchInsertPosition\SearchInsertPosition.csproj", "{B7C1247F-EB58-4F9D-BAB5-47E48D65F7B2}"
EndProject
Project("{9A19103F-16F7-4668-BE54-9A1E7A4F7556}") = "SearchInsertPositionTest", "SearchInsertPositionTest\SearchInsertPositionTest.csproj", "{69E79818-86E2-4567-8199-2C037499BADF}"
EndProject
Project("{9A19103F-16F7-4668-BE54-9A1E7A4F7556}") = "3Sum", "3Sum\3Sum.csproj", "{0681516F-4C58-4538-9E6E-EF4156C4EC4D}"
EndProject
Project("{9A19103F-16F7-4668-BE54-9A1E7A4F7556}") = "3SumTest", "3SumTest\3SumTest.csproj", "{585904A3-2D0C-443D-83B1-BDC753731773}"
EndProject
Project("{2150E333-8FDC-42A3-9474-1A3956D46DE8}") = "15. 3Sum", "15. 3Sum", "{0404F3CB-6507-4732-9C62-3E6FBC3E73E7}"
EndProject
Project("{2150E333-8FDC-42A3-9474-1A3956D46DE8}") = "20. Valid Parentheses", "20. Valid Parentheses", "{E32EFB7F-D95E-49AE-B1BD-F1FA2CAEAB93}"
EndProject
Project("{2150E333-8FDC-42A3-9474-1A3956D46DE8}") = "26. Remove Duplicates from Sorted Array", "26. Remove Duplicates from Sorted Array", "{23353483-9A35-4879-9130-10F39DF3A9DD}"
EndProject
Project("{2150E333-8FDC-42A3-9474-1A3956D46DE8}") = "27. Remove Element", "27. Remove Element", "{AF95C25A-1B6C-4D97-8825-2929D52BAE18}"
EndProject
Project("{2150E333-8FDC-42A3-9474-1A3956D46DE8}") = "28. Find the Index of the First Occurrence in a String", "28. Find the Index of the First Occurrence in a String", "{4C0BD798-5917-41A9-9216-DD247A2ED98C}"
EndProject
Project("{2150E333-8FDC-42A3-9474-1A3956D46DE8}") = "12. Integer to Roman", "12. Integer to Roman", "{6C9EBD46-9A6C-4234-9EF8-8E97C608730D}"
EndProject
Project("{2150E333-8FDC-42A3-9474-1A3956D46DE8}") = "35. Search Insert Position", "35. Search Insert Position", "{2012CCE6-8A02-455F-A8E2-0A5682171ADB}"
EndProject
Project("{2150E333-8FDC-42A3-9474-1A3956D46DE8}") = "21. Merge Two Sorted Lists", "21. Merge Two Sorted Lists", "{6D6FF8DA-2F0C-4728-AB1A-3AE98A49AA27}"
EndProject
Project("{2150E333-8FDC-42A3-9474-1A3956D46DE8}") = "66. Plus One", "66. Plus One", "{C943488D-3EB8-4781-822D-EC139BBEF59F}"
EndProject
Project("{FAE04EC0-301F-11D3-BF4B-00C04F79EFBC}") = "PlusOne", "PlusOne\PlusOne.csproj", "{526D1E26-6CE3-4C8D-838E-E3D882B41E70}"
EndProject
Project("{FAE04EC0-301F-11D3-BF4B-00C04F79EFBC}") = "PlusOneTest", "PlusOneTest\PlusOneTest.csproj", "{A9636CEB-405C-4B7C-82E7-0116F54C0568}"
EndProject
Global
	GlobalSection(SolutionConfigurationPlatforms) = preSolution
		Debug|Any CPU = Debug|Any CPU
		Release|Any CPU = Release|Any CPU
	EndGlobalSection
	GlobalSection(ProjectConfigurationPlatforms) = postSolution
		{A83F67F8-5A44-4631-B904-AB46C4C5B4E6}.Debug|Any CPU.ActiveCfg = Debug|Any CPU
		{A83F67F8-5A44-4631-B904-AB46C4C5B4E6}.Debug|Any CPU.Build.0 = Debug|Any CPU
		{A83F67F8-5A44-4631-B904-AB46C4C5B4E6}.Release|Any CPU.ActiveCfg = Release|Any CPU
		{A83F67F8-5A44-4631-B904-AB46C4C5B4E6}.Release|Any CPU.Build.0 = Release|Any CPU
		{9A278FDE-40C8-4ED8-BBDA-68B0F5440F87}.Debug|Any CPU.ActiveCfg = Debug|Any CPU
		{9A278FDE-40C8-4ED8-BBDA-68B0F5440F87}.Debug|Any CPU.Build.0 = Debug|Any CPU
		{9A278FDE-40C8-4ED8-BBDA-68B0F5440F87}.Release|Any CPU.ActiveCfg = Release|Any CPU
		{9A278FDE-40C8-4ED8-BBDA-68B0F5440F87}.Release|Any CPU.Build.0 = Release|Any CPU
		{975EE680-D65E-4FAE-BCCB-77375EE04873}.Debug|Any CPU.ActiveCfg = Debug|Any CPU
		{975EE680-D65E-4FAE-BCCB-77375EE04873}.Debug|Any CPU.Build.0 = Debug|Any CPU
		{975EE680-D65E-4FAE-BCCB-77375EE04873}.Release|Any CPU.ActiveCfg = Release|Any CPU
		{975EE680-D65E-4FAE-BCCB-77375EE04873}.Release|Any CPU.Build.0 = Release|Any CPU
		{E0450C56-BA07-416E-8AF1-E3D59DB932C3}.Debug|Any CPU.ActiveCfg = Debug|Any CPU
		{E0450C56-BA07-416E-8AF1-E3D59DB932C3}.Debug|Any CPU.Build.0 = Debug|Any CPU
		{E0450C56-BA07-416E-8AF1-E3D59DB932C3}.Release|Any CPU.ActiveCfg = Release|Any CPU
		{E0450C56-BA07-416E-8AF1-E3D59DB932C3}.Release|Any CPU.Build.0 = Release|Any CPU
		{59ACC1EC-9AEB-434C-A97A-21D364D07A8C}.Debug|Any CPU.ActiveCfg = Debug|Any CPU
		{59ACC1EC-9AEB-434C-A97A-21D364D07A8C}.Debug|Any CPU.Build.0 = Debug|Any CPU
		{59ACC1EC-9AEB-434C-A97A-21D364D07A8C}.Release|Any CPU.ActiveCfg = Release|Any CPU
		{59ACC1EC-9AEB-434C-A97A-21D364D07A8C}.Release|Any CPU.Build.0 = Release|Any CPU
		{0A36592B-568A-4F59-BC2A-ECD53190800A}.Debug|Any CPU.ActiveCfg = Debug|Any CPU
		{0A36592B-568A-4F59-BC2A-ECD53190800A}.Debug|Any CPU.Build.0 = Debug|Any CPU
		{0A36592B-568A-4F59-BC2A-ECD53190800A}.Release|Any CPU.ActiveCfg = Release|Any CPU
		{0A36592B-568A-4F59-BC2A-ECD53190800A}.Release|Any CPU.Build.0 = Release|Any CPU
		{72F4A83B-B932-4C82-9A08-73BA50F9191B}.Debug|Any CPU.ActiveCfg = Debug|Any CPU
		{72F4A83B-B932-4C82-9A08-73BA50F9191B}.Debug|Any CPU.Build.0 = Debug|Any CPU
		{72F4A83B-B932-4C82-9A08-73BA50F9191B}.Release|Any CPU.ActiveCfg = Release|Any CPU
		{72F4A83B-B932-4C82-9A08-73BA50F9191B}.Release|Any CPU.Build.0 = Release|Any CPU
		{5F84A47F-7879-47CF-BC0C-CEE9E9A91F73}.Debug|Any CPU.ActiveCfg = Debug|Any CPU
		{5F84A47F-7879-47CF-BC0C-CEE9E9A91F73}.Debug|Any CPU.Build.0 = Debug|Any CPU
		{5F84A47F-7879-47CF-BC0C-CEE9E9A91F73}.Release|Any CPU.ActiveCfg = Release|Any CPU
		{5F84A47F-7879-47CF-BC0C-CEE9E9A91F73}.Release|Any CPU.Build.0 = Release|Any CPU
		{C405123F-45F6-42E7-9250-12DA3D12E30B}.Debug|Any CPU.ActiveCfg = Debug|Any CPU
		{C405123F-45F6-42E7-9250-12DA3D12E30B}.Debug|Any CPU.Build.0 = Debug|Any CPU
		{C405123F-45F6-42E7-9250-12DA3D12E30B}.Release|Any CPU.ActiveCfg = Release|Any CPU
		{C405123F-45F6-42E7-9250-12DA3D12E30B}.Release|Any CPU.Build.0 = Release|Any CPU
		{CD073422-B3BC-401C-99EF-DFF75D10B9A7}.Debug|Any CPU.ActiveCfg = Debug|Any CPU
		{CD073422-B3BC-401C-99EF-DFF75D10B9A7}.Debug|Any CPU.Build.0 = Debug|Any CPU
		{CD073422-B3BC-401C-99EF-DFF75D10B9A7}.Release|Any CPU.ActiveCfg = Release|Any CPU
		{CD073422-B3BC-401C-99EF-DFF75D10B9A7}.Release|Any CPU.Build.0 = Release|Any CPU
		{9C09B3EC-D6BF-433E-8DB2-F5A85755CCD1}.Debug|Any CPU.ActiveCfg = Debug|Any CPU
		{9C09B3EC-D6BF-433E-8DB2-F5A85755CCD1}.Debug|Any CPU.Build.0 = Debug|Any CPU
		{9C09B3EC-D6BF-433E-8DB2-F5A85755CCD1}.Release|Any CPU.ActiveCfg = Release|Any CPU
		{9C09B3EC-D6BF-433E-8DB2-F5A85755CCD1}.Release|Any CPU.Build.0 = Release|Any CPU
		{55F341CB-A32C-439A-BD1D-D35D72394ABC}.Debug|Any CPU.ActiveCfg = Debug|Any CPU
		{55F341CB-A32C-439A-BD1D-D35D72394ABC}.Debug|Any CPU.Build.0 = Debug|Any CPU
		{55F341CB-A32C-439A-BD1D-D35D72394ABC}.Release|Any CPU.ActiveCfg = Release|Any CPU
		{55F341CB-A32C-439A-BD1D-D35D72394ABC}.Release|Any CPU.Build.0 = Release|Any CPU
		{B7C1247F-EB58-4F9D-BAB5-47E48D65F7B2}.Debug|Any CPU.ActiveCfg = Debug|Any CPU
		{B7C1247F-EB58-4F9D-BAB5-47E48D65F7B2}.Debug|Any CPU.Build.0 = Debug|Any CPU
		{B7C1247F-EB58-4F9D-BAB5-47E48D65F7B2}.Release|Any CPU.ActiveCfg = Release|Any CPU
		{B7C1247F-EB58-4F9D-BAB5-47E48D65F7B2}.Release|Any CPU.Build.0 = Release|Any CPU
		{69E79818-86E2-4567-8199-2C037499BADF}.Debug|Any CPU.ActiveCfg = Debug|Any CPU
		{69E79818-86E2-4567-8199-2C037499BADF}.Debug|Any CPU.Build.0 = Debug|Any CPU
		{69E79818-86E2-4567-8199-2C037499BADF}.Release|Any CPU.ActiveCfg = Release|Any CPU
		{69E79818-86E2-4567-8199-2C037499BADF}.Release|Any CPU.Build.0 = Release|Any CPU
		{0681516F-4C58-4538-9E6E-EF4156C4EC4D}.Debug|Any CPU.ActiveCfg = Debug|Any CPU
		{0681516F-4C58-4538-9E6E-EF4156C4EC4D}.Debug|Any CPU.Build.0 = Debug|Any CPU
		{0681516F-4C58-4538-9E6E-EF4156C4EC4D}.Release|Any CPU.ActiveCfg = Release|Any CPU
		{0681516F-4C58-4538-9E6E-EF4156C4EC4D}.Release|Any CPU.Build.0 = Release|Any CPU
		{585904A3-2D0C-443D-83B1-BDC753731773}.Debug|Any CPU.ActiveCfg = Debug|Any CPU
		{585904A3-2D0C-443D-83B1-BDC753731773}.Debug|Any CPU.Build.0 = Debug|Any CPU
		{585904A3-2D0C-443D-83B1-BDC753731773}.Release|Any CPU.ActiveCfg = Release|Any CPU
		{585904A3-2D0C-443D-83B1-BDC753731773}.Release|Any CPU.Build.0 = Release|Any CPU
		{526D1E26-6CE3-4C8D-838E-E3D882B41E70}.Debug|Any CPU.ActiveCfg = Debug|Any CPU
		{526D1E26-6CE3-4C8D-838E-E3D882B41E70}.Debug|Any CPU.Build.0 = Debug|Any CPU
		{526D1E26-6CE3-4C8D-838E-E3D882B41E70}.Release|Any CPU.ActiveCfg = Release|Any CPU
		{526D1E26-6CE3-4C8D-838E-E3D882B41E70}.Release|Any CPU.Build.0 = Release|Any CPU
		{A9636CEB-405C-4B7C-82E7-0116F54C0568}.Debug|Any CPU.ActiveCfg = Debug|Any CPU
		{A9636CEB-405C-4B7C-82E7-0116F54C0568}.Debug|Any CPU.Build.0 = Debug|Any CPU
		{A9636CEB-405C-4B7C-82E7-0116F54C0568}.Release|Any CPU.ActiveCfg = Release|Any CPU
		{A9636CEB-405C-4B7C-82E7-0116F54C0568}.Release|Any CPU.Build.0 = Release|Any CPU
	EndGlobalSection
	GlobalSection(SolutionProperties) = preSolution
		HideSolutionNode = FALSE
	EndGlobalSection
	GlobalSection(NestedProjects) = preSolution
		{A83F67F8-5A44-4631-B904-AB46C4C5B4E6} = {E32EFB7F-D95E-49AE-B1BD-F1FA2CAEAB93}
		{9A278FDE-40C8-4ED8-BBDA-68B0F5440F87} = {E32EFB7F-D95E-49AE-B1BD-F1FA2CAEAB93}
		{975EE680-D65E-4FAE-BCCB-77375EE04873} = {6D6FF8DA-2F0C-4728-AB1A-3AE98A49AA27}
		{E0450C56-BA07-416E-8AF1-E3D59DB932C3} = {6D6FF8DA-2F0C-4728-AB1A-3AE98A49AA27}
		{59ACC1EC-9AEB-434C-A97A-21D364D07A8C} = {23353483-9A35-4879-9130-10F39DF3A9DD}
		{0A36592B-568A-4F59-BC2A-ECD53190800A} = {23353483-9A35-4879-9130-10F39DF3A9DD}
		{72F4A83B-B932-4C82-9A08-73BA50F9191B} = {AF95C25A-1B6C-4D97-8825-2929D52BAE18}
		{5F84A47F-7879-47CF-BC0C-CEE9E9A91F73} = {AF95C25A-1B6C-4D97-8825-2929D52BAE18}
		{C405123F-45F6-42E7-9250-12DA3D12E30B} = {4C0BD798-5917-41A9-9216-DD247A2ED98C}
		{CD073422-B3BC-401C-99EF-DFF75D10B9A7} = {4C0BD798-5917-41A9-9216-DD247A2ED98C}
		{9C09B3EC-D6BF-433E-8DB2-F5A85755CCD1} = {6C9EBD46-9A6C-4234-9EF8-8E97C608730D}
		{55F341CB-A32C-439A-BD1D-D35D72394ABC} = {6C9EBD46-9A6C-4234-9EF8-8E97C608730D}
		{B7C1247F-EB58-4F9D-BAB5-47E48D65F7B2} = {2012CCE6-8A02-455F-A8E2-0A5682171ADB}
		{69E79818-86E2-4567-8199-2C037499BADF} = {2012CCE6-8A02-455F-A8E2-0A5682171ADB}
		{0681516F-4C58-4538-9E6E-EF4156C4EC4D} = {0404F3CB-6507-4732-9C62-3E6FBC3E73E7}
		{585904A3-2D0C-443D-83B1-BDC753731773} = {0404F3CB-6507-4732-9C62-3E6FBC3E73E7}
		{526D1E26-6CE3-4C8D-838E-E3D882B41E70} = {C943488D-3EB8-4781-822D-EC139BBEF59F}
		{A9636CEB-405C-4B7C-82E7-0116F54C0568} = {C943488D-3EB8-4781-822D-EC139BBEF59F}
	EndGlobalSection
	GlobalSection(ExtensibilityGlobals) = postSolution
		SolutionGuid = {36E0B587-ABA1-489E-842D-1E614B511999}
	EndGlobalSection
EndGlobal
